{
  "name": "ConsortiumPersAcc",
  "lockfileVersion": 3,
  "requires": true,
  "packages": {
    "": {
      "dependencies": {
        "react-leader-line": "^1.0.5"
      }
    },
    "node_modules/react-leader-line": {
      "version": "1.0.5",
      "resolved": "https://registry.npmjs.org/react-leader-line/-/react-leader-line-1.0.5.tgz",
      "integrity": "sha512-oSFQ8M/ByqE7VSlV4Oetze9OdDR3iyPAToeCj940ON0o72m3MPuQ0fOgKHgoJ9ggk15PSzh8zHsZHMc9hV22uw=="
    }
  }
}
